
Microsoft Visual Studio Solution File, Format Version 12.00
# Visual Studio 2013
VisualStudioVersion = 12.0.21005.1
MinimumVisualStudioVersion = 10.0.40219.1
Project("{FAE04EC0-301F-11D3-BF4B-00C04F79EFBC}") = "Muntazm", "Muntazm\Muntazm.csproj", "{A8AA29F9-3D37-4172-997A-9AF936BA8DEB}"
EndProject
Project("{FAE04EC0-301F-11D3-BF4B-00C04F79EFBC}") = "MuntazimDAL", "MuntazimDAL\MuntazimDAL.csproj", "{FF425AA2-DB43-4D45-A88C-219A32528C01}"
EndProject
Project("{FAE04EC0-301F-11D3-BF4B-00C04F79EFBC}") = "MutazimBCL", "MutazimBCL\MutazimBCL.csproj", "{075B7B36-AA66-463D-831C-9F8148D0615D}"
EndProject
Project("{FAE04EC0-301F-11D3-BF4B-00C04F79EFBC}") = "MuntazimBLL", "MuntazimBLL\MuntazimBLL.csproj", "{27228987-2FE3-42D8-B658-225E680197D9}"
EndProject
Global
	GlobalSection(SolutionConfigurationPlatforms) = preSolution
		Debug|Any CPU = Debug|Any CPU
		Release|Any CPU = Release|Any CPU
	EndGlobalSection
	GlobalSection(ProjectConfigurationPlatforms) = postSolution
		{A8AA29F9-3D37-4172-997A-9AF936BA8DEB}.Debug|Any CPU.ActiveCfg = Debug|Any CPU
		{A8AA29F9-3D37-4172-997A-9AF936BA8DEB}.Debug|Any CPU.Build.0 = Debug|Any CPU
		{A8AA29F9-3D37-4172-997A-9AF936BA8DEB}.Release|Any CPU.ActiveCfg = Release|Any CPU
		{A8AA29F9-3D37-4172-997A-9AF936BA8DEB}.Release|Any CPU.Build.0 = Release|Any CPU
		{FF425AA2-DB43-4D45-A88C-219A32528C01}.Debug|Any CPU.ActiveCfg = Debug|Any CPU
		{FF425AA2-DB43-4D45-A88C-219A32528C01}.Debug|Any CPU.Build.0 = Debug|Any CPU
		{FF425AA2-DB43-4D45-A88C-219A32528C01}.Release|Any CPU.ActiveCfg = Release|Any CPU
		{FF425AA2-DB43-4D45-A88C-219A32528C01}.Release|Any CPU.Build.0 = Release|Any CPU
		{075B7B36-AA66-463D-831C-9F8148D0615D}.Debug|Any CPU.ActiveCfg = Debug|Any CPU
		{075B7B36-AA66-463D-831C-9F8148D0615D}.Debug|Any CPU.Build.0 = Debug|Any CPU
		{075B7B36-AA66-463D-831C-9F8148D0615D}.Release|Any CPU.ActiveCfg = Release|Any CPU
		{075B7B36-AA66-463D-831C-9F8148D0615D}.Release|Any CPU.Build.0 = Release|Any CPU
		{27228987-2FE3-42D8-B658-225E680197D9}.Debug|Any CPU.ActiveCfg = Debug|Any CPU
		{27228987-2FE3-42D8-B658-225E680197D9}.Debug|Any CPU.Build.0 = Debug|Any CPU
		{27228987-2FE3-42D8-B658-225E680197D9}.Release|Any CPU.ActiveCfg = Release|Any CPU
		{27228987-2FE3-42D8-B658-225E680197D9}.Release|Any CPU.Build.0 = Release|Any CPU
	EndGlobalSection
	GlobalSection(SolutionProperties) = preSolution
		HideSolutionNode = FALSE
	EndGlobalSection
EndGlobal
